
Microsoft Visual Studio Solution File, Format Version 12.00
# Visual Studio Version 17
VisualStudioVersion = 17.7.34031.279
MinimumVisualStudioVersion = 10.0.40219.1
Project("{FAE04EC0-301F-11D3-BF4B-00C04F79EFBC}") = "aspclass2", "aspclass2\aspclass2.csproj", "{A65522C8-37BD-4587-9F95-B3450C7E9336}"
EndProject
Project("{2150E333-8FDC-42A3-9474-1A3956D46DE8}") = "Solution Items", "Solution Items", "{4ED74E57-7373-45D7-BEE2-7E9B6D1B9773}"
	ProjectSection(SolutionItems) = preProject
		Notes.txt = Notes.txt
	EndProjectSection
EndProject
Global
	GlobalSection(SolutionConfigurationPlatforms) = preSolution
		Debug|Any CPU = Debug|Any CPU
		Release|Any CPU = Release|Any CPU
	EndGlobalSection
	GlobalSection(ProjectConfigurationPlatforms) = postSolution
		{A65522C8-37BD-4587-9F95-B3450C7E9336}.Debug|Any CPU.ActiveCfg = Debug|Any CPU
		{A65522C8-37BD-4587-9F95-B3450C7E9336}.Debug|Any CPU.Build.0 = Debug|Any CPU
		{A65522C8-37BD-4587-9F95-B3450C7E9336}.Release|Any CPU.ActiveCfg = Release|Any CPU
		{A65522C8-37BD-4587-9F95-B3450C7E9336}.Release|Any CPU.Build.0 = Release|Any CPU
	EndGlobalSection
	GlobalSection(SolutionProperties) = preSolution
		HideSolutionNode = FALSE
	EndGlobalSection
	GlobalSection(ExtensibilityGlobals) = postSolution
		SolutionGuid = {F9FC4B6B-7AC7-4910-9389-209E6EFAE8E6}
	EndGlobalSection
EndGlobal
