
Microsoft Visual Studio Solution File, Format Version 12.00
# Visual Studio Version 17
VisualStudioVersion = 17.7.34031.279
MinimumVisualStudioVersion = 10.0.40219.1
Project("{FAE04EC0-301F-11D3-BF4B-00C04F79EFBC}") = "aspclass4", "aspclass4\aspclass4.csproj", "{B3164EA2-2036-4CFB-9736-476CABD560D5}"
EndProject
Project("{2150E333-8FDC-42A3-9474-1A3956D46DE8}") = "Solution Items", "Solution Items", "{F036A998-88B1-466C-8CC7-16B3AD391A14}"
	ProjectSection(SolutionItems) = preProject
		Notes.txt = Notes.txt
	EndProjectSection
EndProject
Project("{FAE04EC0-301F-11D3-BF4B-00C04F79EFBC}") = "SecretApp", "SecretApp\SecretApp.csproj", "{9AAD3E78-8850-4F26-B099-663C5067620C}"
EndProject
Global
	GlobalSection(SolutionConfigurationPlatforms) = preSolution
		Debug|Any CPU = Debug|Any CPU
		Release|Any CPU = Release|Any CPU
	EndGlobalSection
	GlobalSection(ProjectConfigurationPlatforms) = postSolution
		{B3164EA2-2036-4CFB-9736-476CABD560D5}.Debug|Any CPU.ActiveCfg = Debug|Any CPU
		{B3164EA2-2036-4CFB-9736-476CABD560D5}.Debug|Any CPU.Build.0 = Debug|Any CPU
		{B3164EA2-2036-4CFB-9736-476CABD560D5}.Release|Any CPU.ActiveCfg = Release|Any CPU
		{B3164EA2-2036-4CFB-9736-476CABD560D5}.Release|Any CPU.Build.0 = Release|Any CPU
		{9AAD3E78-8850-4F26-B099-663C5067620C}.Debug|Any CPU.ActiveCfg = Debug|Any CPU
		{9AAD3E78-8850-4F26-B099-663C5067620C}.Debug|Any CPU.Build.0 = Debug|Any CPU
		{9AAD3E78-8850-4F26-B099-663C5067620C}.Release|Any CPU.ActiveCfg = Release|Any CPU
		{9AAD3E78-8850-4F26-B099-663C5067620C}.Release|Any CPU.Build.0 = Release|Any CPU
	EndGlobalSection
	GlobalSection(SolutionProperties) = preSolution
		HideSolutionNode = FALSE
	EndGlobalSection
	GlobalSection(ExtensibilityGlobals) = postSolution
		SolutionGuid = {A43C5649-6D93-4805-A04E-10716CF3487C}
	EndGlobalSection
EndGlobal
