
Microsoft Visual Studio Solution File, Format Version 12.00
# Visual Studio Version 17
VisualStudioVersion = 17.7.34031.279
MinimumVisualStudioVersion = 10.0.40219.1
Project("{FAE04EC0-301F-11D3-BF4B-00C04F79EFBC}") = "c#class9", "c#class9\c#class9.csproj", "{4F130BD7-AD3A-4A1E-A77D-97FD713A444A}"
EndProject
Project("{2150E333-8FDC-42A3-9474-1A3956D46DE8}") = "Solution Items", "Solution Items", "{869DED78-FD6E-4FBA-B54D-F8AD9519A2AE}"
	ProjectSection(SolutionItems) = preProject
		Notes.txt = Notes.txt
	EndProjectSection
EndProject
Global
	GlobalSection(SolutionConfigurationPlatforms) = preSolution
		Debug|Any CPU = Debug|Any CPU
		Release|Any CPU = Release|Any CPU
	EndGlobalSection
	GlobalSection(ProjectConfigurationPlatforms) = postSolution
		{4F130BD7-AD3A-4A1E-A77D-97FD713A444A}.Debug|Any CPU.ActiveCfg = Debug|Any CPU
		{4F130BD7-AD3A-4A1E-A77D-97FD713A444A}.Debug|Any CPU.Build.0 = Debug|Any CPU
		{4F130BD7-AD3A-4A1E-A77D-97FD713A444A}.Release|Any CPU.ActiveCfg = Release|Any CPU
		{4F130BD7-AD3A-4A1E-A77D-97FD713A444A}.Release|Any CPU.Build.0 = Release|Any CPU
	EndGlobalSection
	GlobalSection(SolutionProperties) = preSolution
		HideSolutionNode = FALSE
	EndGlobalSection
	GlobalSection(ExtensibilityGlobals) = postSolution
		SolutionGuid = {630F5BC4-1515-42ED-AD64-D84C8FD34E66}
	EndGlobalSection
EndGlobal
