
Microsoft Visual Studio Solution File, Format Version 12.00
# Visual Studio Version 17
VisualStudioVersion = 17.7.34031.279
MinimumVisualStudioVersion = 10.0.40219.1
Project("{FAE04EC0-301F-11D3-BF4B-00C04F79EFBC}") = "C#Class2", "C#Class2\C#Class2.csproj", "{0EF0F031-9AF6-42B5-8B3A-0EB563CAABA3}"
EndProject
Project("{2150E333-8FDC-42A3-9474-1A3956D46DE8}") = "Solution Items", "Solution Items", "{13871F6B-DD66-4F74-B0F8-EBBFAB548028}"
	ProjectSection(SolutionItems) = preProject
		Notes.txt = Notes.txt
	EndProjectSection
EndProject
Global
	GlobalSection(SolutionConfigurationPlatforms) = preSolution
		Debug|Any CPU = Debug|Any CPU
		Release|Any CPU = Release|Any CPU
	EndGlobalSection
	GlobalSection(ProjectConfigurationPlatforms) = postSolution
		{0EF0F031-9AF6-42B5-8B3A-0EB563CAABA3}.Debug|Any CPU.ActiveCfg = Debug|Any CPU
		{0EF0F031-9AF6-42B5-8B3A-0EB563CAABA3}.Debug|Any CPU.Build.0 = Debug|Any CPU
		{0EF0F031-9AF6-42B5-8B3A-0EB563CAABA3}.Release|Any CPU.ActiveCfg = Release|Any CPU
		{0EF0F031-9AF6-42B5-8B3A-0EB563CAABA3}.Release|Any CPU.Build.0 = Release|Any CPU
	EndGlobalSection
	GlobalSection(SolutionProperties) = preSolution
		HideSolutionNode = FALSE
	EndGlobalSection
	GlobalSection(ExtensibilityGlobals) = postSolution
		SolutionGuid = {81B317A0-3773-410D-BF7A-C07E3B7ADD0E}
	EndGlobalSection
EndGlobal
