
Microsoft Visual Studio Solution File, Format Version 12.00
# Visual Studio Version 17
VisualStudioVersion = 17.7.34031.279
MinimumVisualStudioVersion = 10.0.40219.1
Project("{FAE04EC0-301F-11D3-BF4B-00C04F79EFBC}") = "C#Class3", "C#Class3\C#Class3.csproj", "{8CA54BE1-4075-4F39-98BC-12B5F7F9A768}"
EndProject
Project("{2150E333-8FDC-42A3-9474-1A3956D46DE8}") = "Solution Items", "Solution Items", "{7571B318-D261-4F2D-B06B-8D2F6F2FB75A}"
	ProjectSection(SolutionItems) = preProject
		Notes.txt = Notes.txt
	EndProjectSection
EndProject
Global
	GlobalSection(SolutionConfigurationPlatforms) = preSolution
		Debug|Any CPU = Debug|Any CPU
		Release|Any CPU = Release|Any CPU
	EndGlobalSection
	GlobalSection(ProjectConfigurationPlatforms) = postSolution
		{8CA54BE1-4075-4F39-98BC-12B5F7F9A768}.Debug|Any CPU.ActiveCfg = Debug|Any CPU
		{8CA54BE1-4075-4F39-98BC-12B5F7F9A768}.Debug|Any CPU.Build.0 = Debug|Any CPU
		{8CA54BE1-4075-4F39-98BC-12B5F7F9A768}.Release|Any CPU.ActiveCfg = Release|Any CPU
		{8CA54BE1-4075-4F39-98BC-12B5F7F9A768}.Release|Any CPU.Build.0 = Release|Any CPU
	EndGlobalSection
	GlobalSection(SolutionProperties) = preSolution
		HideSolutionNode = FALSE
	EndGlobalSection
	GlobalSection(ExtensibilityGlobals) = postSolution
		SolutionGuid = {2F8250A8-B5E5-47BE-8455-6A04F3312BEC}
	EndGlobalSection
EndGlobal
