
Microsoft Visual Studio Solution File, Format Version 12.00
# Visual Studio Version 17
VisualStudioVersion = 17.7.34031.279
MinimumVisualStudioVersion = 10.0.40219.1
Project("{FAE04EC0-301F-11D3-BF4B-00C04F79EFBC}") = "EntityFramework", "EntityFramework\EntityFramework.csproj", "{41DCBFED-5EB1-4D73-AA4E-7DB92D50CB9F}"
EndProject
Project("{2150E333-8FDC-42A3-9474-1A3956D46DE8}") = "Solution Items", "Solution Items", "{4EAC5D62-BC73-4118-ABF8-90088634C75C}"
	ProjectSection(SolutionItems) = preProject
		Notes.txt = Notes.txt
	EndProjectSection
EndProject
Global
	GlobalSection(SolutionConfigurationPlatforms) = preSolution
		Debug|Any CPU = Debug|Any CPU
		Release|Any CPU = Release|Any CPU
	EndGlobalSection
	GlobalSection(ProjectConfigurationPlatforms) = postSolution
		{41DCBFED-5EB1-4D73-AA4E-7DB92D50CB9F}.Debug|Any CPU.ActiveCfg = Debug|Any CPU
		{41DCBFED-5EB1-4D73-AA4E-7DB92D50CB9F}.Debug|Any CPU.Build.0 = Debug|Any CPU
		{41DCBFED-5EB1-4D73-AA4E-7DB92D50CB9F}.Release|Any CPU.ActiveCfg = Release|Any CPU
		{41DCBFED-5EB1-4D73-AA4E-7DB92D50CB9F}.Release|Any CPU.Build.0 = Release|Any CPU
	EndGlobalSection
	GlobalSection(SolutionProperties) = preSolution
		HideSolutionNode = FALSE
	EndGlobalSection
	GlobalSection(ExtensibilityGlobals) = postSolution
		SolutionGuid = {64364056-FD1F-4C4A-871F-1F69CE3E53F0}
	EndGlobalSection
EndGlobal
